// !$*UTF8*$!
{
	archiveVersion = 1;
	classes = {
	};
	objectVersion = 50;
	objects = {

/* Begin PBXBuildFile section */
		C608CF7D24BC0D1900C55709 /* AppDelegate.m in Sources */ = {isa = PBXBuildFile; fileRef = C608CF7C24BC0D1900C55709 /* AppDelegate.m */; };
		C608CF8024BC0D1900C55709 /* SceneDelegate.m in Sources */ = {isa = PBXBuildFile; fileRef = C608CF7F24BC0D1900C55709 /* SceneDelegate.m */; };
		C608CF8324BC0D1900C55709 /* ViewController.m in Sources */ = {isa = PBXBuildFile; fileRef = C608CF8224BC0D1900C55709 /* ViewController.m */; };
		C608CF8624BC0D1900C55709 /* Main.storyboard in Resources */ = {isa = PBXBuildFile; fileRef = C608CF8424BC0D1900C55709 /* Main.storyboard */; };
		C608CF8824BC0D1A00C55709 /* Assets.xcassets in Resources */ = {isa = PBXBuildFile; fileRef = C608CF8724BC0D1A00C55709 /* Assets.xcassets */; };
		C608CF8B24BC0D1A00C55709 /* LaunchScreen.storyboard in Resources */ = {isa = PBXBuildFile; fileRef = C608CF8924BC0D1A00C55709 /* LaunchScreen.storyboard */; };
		C608CF8E24BC0D1A00C55709 /* main.m in Sources */ = {isa = PBXBuildFile; fileRef = C608CF8D24BC0D1A00C55709 /* main.m */; };
		C608CF9824BC0D1A00C55709 /* OCSummaryTests.m in Sources */ = {isa = PBXBuildFile; fileRef = C608CF9724BC0D1A00C55709 /* OCSummaryTests.m */; };
		C608CFA324BC0D1A00C55709 /* OCSummaryUITests.m in Sources */ = {isa = PBXBuildFile; fileRef = C608CFA224BC0D1A00C55709 /* OCSummaryUITests.m */; };
/* End PBXBuildFile section */

/* Begin PBXContainerItemProxy section */
		C608CF9424BC0D1A00C55709 /* PBXContainerItemProxy */ = {
			isa = PBXContainerItemProxy;
			containerPortal = C608CF7024BC0D1900C55709 /* Project object */;
			proxyType = 1;
			remoteGlobalIDString = C608CF7724BC0D1900C55709;
			remoteInfo = OCSummary;
		};
		C608CF9F24BC0D1A00C55709 /* PBXContainerItemProxy */ = {
			isa = PBXContainerItemProxy;
			containerPortal = C608CF7024BC0D1900C55709 /* Project object */;
			proxyType = 1;
			remoteGlobalIDString = C608CF7724BC0D1900C55709;
			remoteInfo = OCSummary;
		};
/* End PBXContainerItemProxy section */

/* Begin PBXFileReference section */
		C608CF7824BC0D1900C55709 /* OCSummary.app */ = {isa = PBXFileReference; explicitFileType = wrapper.application; includeInIndex = 0; path = OCSummary.app; sourceTree = BUILT_PRODUCTS_DIR; };
		C608CF7B24BC0D1900C55709 /* AppDelegate.h */ = {isa = PBXFileReference; lastKnownFileType = sourcecode.c.h; path = AppDelegate.h; sourceTree = "<group>"; };
		C608CF7C24BC0D1900C55709 /* AppDelegate.m */ = {isa = PBXFileReference; lastKnownFileType = sourcecode.c.objc; path = AppDelegate.m; sourceTree = "<group>"; };
		C608CF7E24BC0D1900C55709 /* SceneDelegate.h */ = {isa = PBXFileReference; lastKnownFileType = sourcecode.c.h; path = SceneDelegate.h; sourceTree = "<group>"; };
		C608CF7F24BC0D1900C55709 /* SceneDelegate.m */ = {isa = PBXFileReference; lastKnownFileType = sourcecode.c.objc; path = SceneDelegate.m; sourceTree = "<group>"; };
		C608CF8124BC0D1900C55709 /* ViewController.h */ = {isa = PBXFileReference; lastKnownFileType = sourcecode.c.h; path = ViewController.h; sourceTree = "<group>"; };
		C608CF8224BC0D1900C55709 /* ViewController.m */ = {isa = PBXFileReference; lastKnownFileType = sourcecode.c.objc; path = ViewController.m; sourceTree = "<group>"; };
		C608CF8524BC0D1900C55709 /* Base */ = {isa = PBXFileReference; lastKnownFileType = file.storyboard; name = Base; path = Base.lproj/Main.storyboard; sourceTree = "<group>"; };
		C608CF8724BC0D1A00C55709 /* Assets.xcassets */ = {isa = PBXFileReference; lastKnownFileType = folder.assetcatalog; path = Assets.xcassets; sourceTree = "<group>"; };
		C608CF8A24BC0D1A00C55709 /* Base */ = {isa = PBXFileReference; lastKnownFileType = file.storyboard; name = Base; path = Base.lproj/LaunchScreen.storyboard; sourceTree = "<group>"; };
		C608CF8C24BC0D1A00C55709 /* Info.plist */ = {isa = PBXFileReference; lastKnownFileType = text.plist.xml; path = Info.plist; sourceTree = "<group>"; };
		C608CF8D24BC0D1A00C55709 /* main.m */ = {isa = PBXFileReference; lastKnownFileType = sourcecode.c.objc; path = main.m; sourceTree = "<group>"; };
		C608CF9324BC0D1A00C55709 /* OCSummaryTests.xctest */ = {isa = PBXFileReference; explicitFileType = wrapper.cfbundle; includeInIndex = 0; path = OCSummaryTests.xctest; sourceTree = BUILT_PRODUCTS_DIR; };
		C608CF9724BC0D1A00C55709 /* OCSummaryTests.m */ = {isa = PBXFileReference; lastKnownFileType = sourcecode.c.objc; path = OCSummaryTests.m; sourceTree = "<group>"; };
		C608CF9924BC0D1A00C55709 /* Info.plist */ = {isa = PBXFileReference; lastKnownFileType = text.plist.xml; path = Info.plist; sourceTree = "<group>"; };
		C608CF9E24BC0D1A00C55709 /* OCSummaryUITests.xctest */ = {isa = PBXFileReference; explicitFileType = wrapper.cfbundle; includeInIndex = 0; path = OCSummaryUITests.xctest; sourceTree = BUILT_PRODUCTS_DIR; };
		C608CFA224BC0D1A00C55709 /* OCSummaryUITests.m */ = {isa = PBXFileReference; lastKnownFileType = sourcecode.c.objc; path = OCSummaryUITests.m; sourceTree = "<group>"; };
		C608CFA424BC0D1A00C55709 /* Info.plist */ = {isa = PBXFileReference; lastKnownFileType = text.plist.xml; path = Info.plist; sourceTree = "<group>"; };
/* End PBXFileReference section */

/* Begin PBXFrameworksBuildPhase section */
		C608CF7524BC0D1900C55709 /* Frameworks */ = {
			isa = PBXFrameworksBuildPhase;
			buildActionMask = 2147483647;
			files = (
			);
			runOnlyForDeploymentPostprocessing = 0;
		};
		C608CF9024BC0D1A00C55709 /* Frameworks */ = {
			isa = PBXFrameworksBuildPhase;
			buildActionMask = 2147483647;
			files = (
			);
			runOnlyForDeploymentPostprocessing = 0;
		};
		C608CF9B24BC0D1A00C55709 /* Frameworks */ = {
			isa = PBXFrameworksBuildPhase;
			buildActionMask = 2147483647;
			files = (
			);
			runOnlyForDeploymentPostprocessing = 0;
		};
/* End PBXFrameworksBuildPhase section */

/* Begin PBXGroup section */
		C608CF6F24BC0D1900C55709 = {
			isa = PBXGroup;
			children = (
				C608CF7A24BC0D1900C55709 /* OCSummary */,
				C608CF9624BC0D1A00C55709 /* OCSummaryTests */,
				C608CFA124BC0D1A00C55709 /* OCSummaryUITests */,
				C608CF7924BC0D1900C55709 /* Products */,
			);
			sourceTree = "<group>";
		};
		C608CF7924BC0D1900C55709 /* Products */ = {
			isa = PBXGroup;
			children = (
				C608CF7824BC0D1900C55709 /* OCSummary.app */,
				C608CF9324BC0D1A00C55709 /* OCSummaryTests.xctest */,
				C608CF9E24BC0D1A00C55709 /* OCSummaryUITests.xctest */,
			);
			name = Products;
			sourceTree = "<group>";
		};
		C608CF7A24BC0D1900C55709 /* OCSummary */ = {
			isa = PBXGroup;
			children = (
				C608CF7B24BC0D1900C55709 /* AppDelegate.h */,
				C608CF7C24BC0D1900C55709 /* AppDelegate.m */,
				C608CF7E24BC0D1900C55709 /* SceneDelegate.h */,
				C608CF7F24BC0D1900C55709 /* SceneDelegate.m */,
				C608CF8124BC0D1900C55709 /* ViewController.h */,
				C608CF8224BC0D1900C55709 /* ViewController.m */,
				C608CF8424BC0D1900C55709 /* Main.storyboard */,
				C608CF8724BC0D1A00C55709 /* Assets.xcassets */,
				C608CF8924BC0D1A00C55709 /* LaunchScreen.storyboard */,
				C608CF8C24BC0D1A00C55709 /* Info.plist */,
				C608CF8D24BC0D1A00C55709 /* main.m */,
			);
			path = OCSummary;
			sourceTree = "<group>";
		};
		C608CF9624BC0D1A00C55709 /* OCSummaryTests */ = {
			isa = PBXGroup;
			children = (
				C608CF9724BC0D1A00C55709 /* OCSummaryTests.m */,
				C608CF9924BC0D1A00C55709 /* Info.plist */,
			);
			path = OCSummaryTests;
			sourceTree = "<group>";
		};
		C608CFA124BC0D1A00C55709 /* OCSummaryUITests */ = {
			isa = PBXGroup;
			children = (
				C608CFA224BC0D1A00C55709 /* OCSummaryUITests.m */,
				C608CFA424BC0D1A00C55709 /* Info.plist */,
			);
			path = OCSummaryUITests;
			sourceTree = "<group>";
		};
/* End PBXGroup section */

/* Begin PBXNativeTarget section */
		C608CF7724BC0D1900C55709 /* OCSummary */ = {
			isa = PBXNativeTarget;
			buildConfigurationList = C608CFA724BC0D1A00C55709 /* Build configuration list for PBXNativeTarget "OCSummary" */;
			buildPhases = (
				C608CF7424BC0D1900C55709 /* Sources */,
				C608CF7524BC0D1900C55709 /* Frameworks */,
				C608CF7624BC0D1900C55709 /* Resources */,
			);
			buildRules = (
			);
			dependencies = (
			);
			name = OCSummary;
			productName = OCSummary;
			productReference = C608CF7824BC0D1900C55709 /* OCSummary.app */;
			productType = "com.apple.product-type.application";
		};
		C608CF9224BC0D1A00C55709 /* OCSummaryTests */ = {
			isa = PBXNativeTarget;
			buildConfigurationList = C608CFAA24BC0D1A00C55709 /* Build configuration list for PBXNativeTarget "OCSummaryTests" */;
			buildPhases = (
				C608CF8F24BC0D1A00C55709 /* Sources */,
				C608CF9024BC0D1A00C55709 /* Frameworks */,
				C608CF9124BC0D1A00C55709 /* Resources */,
			);
			buildRules = (
			);
			dependencies = (
				C608CF9524BC0D1A00C55709 /* PBXTargetDependency */,
			);
			name = OCSummaryTests;
			productName = OCSummaryTests;
			productReference = C608CF9324BC0D1A00C55709 /* OCSummaryTests.xctest */;
			productType = "com.apple.product-type.bundle.unit-test";
		};
		C608CF9D24BC0D1A00C55709 /* OCSummaryUITests */ = {
			isa = PBXNativeTarget;
			buildConfigurationList = C608CFAD24BC0D1A00C55709 /* Build configuration list for PBXNativeTarget "OCSummaryUITests" */;
			buildPhases = (
				C608CF9A24BC0D1A00C55709 /* Sources */,
				C608CF9B24BC0D1A00C55709 /* Frameworks */,
				C608CF9C24BC0D1A00C55709 /* Resources */,
			);
			buildRules = (
			);
			dependencies = (
				C608CFA024BC0D1A00C55709 /* PBXTargetDependency */,
			);
			name = OCSummaryUITests;
			productName = OCSummaryUITests;
			productReference = C608CF9E24BC0D1A00C55709 /* OCSummaryUITests.xctest */;
			productType = "com.apple.product-type.bundle.ui-testing";
		};
/* End PBXNativeTarget section */

/* Begin PBXProject section */
		C608CF7024BC0D1900C55709 /* Project object */ = {
			isa = PBXProject;
			attributes = {
				LastUpgradeCheck = 1150;
				ORGANIZATIONNAME = zhaogang;
				TargetAttributes = {
					C608CF7724BC0D1900C55709 = {
						CreatedOnToolsVersion = 11.5;
					};
					C608CF9224BC0D1A00C55709 = {
						CreatedOnToolsVersion = 11.5;
						TestTargetID = C608CF7724BC0D1900C55709;
					};
					C608CF9D24BC0D1A00C55709 = {
						CreatedOnToolsVersion = 11.5;
						TestTargetID = C608CF7724BC0D1900C55709;
					};
				};
			};
			buildConfigurationList = C608CF7324BC0D1900C55709 /* Build configuration list for PBXProject "OCSummary" */;
			compatibilityVersion = "Xcode 9.3";
			developmentRegion = en;
			hasScannedForEncodings = 0;
			knownRegions = (
				en,
				Base,
			);
			mainGroup = C608CF6F24BC0D1900C55709;
			productRefGroup = C608CF7924BC0D1900C55709 /* Products */;
			projectDirPath = "";
			projectRoot = "";
			targets = (
				C608CF7724BC0D1900C55709 /* OCSummary */,
				C608CF9224BC0D1A00C55709 /* OCSummaryTests */,
				C608CF9D24BC0D1A00C55709 /* OCSummaryUITests */,
			);
		};
/* End PBXProject section */

/* Begin PBXResourcesBuildPhase section */
		C608CF7624BC0D1900C55709 /* Resources */ = {
			isa = PBXResourcesBuildPhase;
			buildActionMask = 2147483647;
			files = (
				C608CF8B24BC0D1A00C55709 /* LaunchScreen.storyboard in Resources */,
				C608CF8824BC0D1A00C55709 /* Assets.xcassets in Resources */,
				C608CF8624BC0D1900C55709 /* Main.storyboard in Resources */,
			);
			runOnlyForDeploymentPostprocessing = 0;
		};
		C608CF9124BC0D1A00C55709 /* Resources */ = {
			isa = PBXResourcesBuildPhase;
			buildActionMask = 2147483647;
			files = (
			);
			runOnlyForDeploymentPostprocessing = 0;
		};
		C608CF9C24BC0D1A00C55709 /* Resources */ = {
			isa = PBXResourcesBuildPhase;
			buildActionMask = 2147483647;
			files = (
			);
			runOnlyForDeploymentPostprocessing = 0;
		};
/* End PBXResourcesBuildPhase section */

/* Begin PBXSourcesBuildPhase section */
		C608CF7424BC0D1900C55709 /* Sources */ = {
			isa = PBXSourcesBuildPhase;
			buildActionMask = 2147483647;
			files = (
				C608CF8324BC0D1900C55709 /* ViewController.m in Sources */,
				C608CF7D24BC0D1900C55709 /* AppDelegate.m in Sources */,
				C608CF8E24BC0D1A00C55709 /* main.m in Sources */,
				C608CF8024BC0D1900C55709 /* SceneDelegate.m in Sources */,
			);
			runOnlyForDeploymentPostprocessing = 0;
		};
		C608CF8F24BC0D1A00C55709 /* Sources */ = {
			isa = PBXSourcesBuildPhase;
			buildActionMask = 2147483647;
			files = (
				C608CF9824BC0D1A00C55709 /* OCSummaryTests.m in Sources */,
			);
			runOnlyForDeploymentPostprocessing = 0;
		};
		C608CF9A24BC0D1A00C55709 /* Sources */ = {
			isa = PBXSourcesBuildPhase;
			buildActionMask = 2147483647;
			files = (
				C608CFA324BC0D1A00C55709 /* OCSummaryUITests.m in Sources */,
			);
			runOnlyForDeploymentPostprocessing = 0;
		};
/* End PBXSourcesBuildPhase section */

/* Begin PBXTargetDependency section */
		C608CF9524BC0D1A00C55709 /* PBXTargetDependency */ = {
			isa = PBXTargetDependency;
			target = C608CF7724BC0D1900C55709 /* OCSummary */;
			targetProxy = C608CF9424BC0D1A00C55709 /* PBXContainerItemProxy */;
		};
		C608CFA024BC0D1A00C55709 /* PBXTargetDependency */ = {
			isa = PBXTargetDependency;
			target = C608CF7724BC0D1900C55709 /* OCSummary */;
			targetProxy = C608CF9F24BC0D1A00C55709 /* PBXContainerItemProxy */;
		};
/* End PBXTargetDependency section */

/* Begin PBXVariantGroup section */
		C608CF8424BC0D1900C55709 /* Main.storyboard */ = {
			isa = PBXVariantGroup;
			children = (
				C608CF8524BC0D1900C55709 /* Base */,
			);
			name = Main.storyboard;
			sourceTree = "<group>";
		};
		C608CF8924BC0D1A00C55709 /* LaunchScreen.storyboard */ = {
			isa = PBXVariantGroup;
			children = (
				C608CF8A24BC0D1A00C55709 /* Base */,
			);
			name = LaunchScreen.storyboard;
			sourceTree = "<group>";
		};
/* End PBXVariantGroup section */

/* Begin XCBuildConfiguration section */
		C608CFA524BC0D1A00C55709 /* Debug */ = {
			isa = XCBuildConfiguration;
			buildSettings = {
				ALWAYS_SEARCH_USER_PATHS = NO;
				CLANG_ANALYZER_NONNULL = YES;
				CLANG_ANALYZER_NUMBER_OBJECT_CONVERSION = YES_AGGRESSIVE;
				CLANG_CXX_LANGUAGE_STANDARD = "gnu++14";
				CLANG_CXX_LIBRARY = "libc++";
				CLANG_ENABLE_MODULES = YES;
				CLANG_ENABLE_OBJC_ARC = YES;
				CLANG_ENABLE_OBJC_WEAK = YES;
				CLANG_WARN_BLOCK_CAPTURE_AUTORELEASING = YES;
				CLANG_WARN_BOOL_CONVERSION = YES;
				CLANG_WARN_COMMA = YES;
				CLANG_WARN_CONSTANT_CONVERSION = YES;
				CLANG_WARN_DEPRECATED_OBJC_IMPLEMENTATIONS = YES;
				CLANG_WARN_DIRECT_OBJC_ISA_USAGE = YES_ERROR;
				CLANG_WARN_DOCUMENTATION_COMMENTS = YES;
				CLANG_WARN_EMPTY_BODY = YES;
				CLANG_WARN_ENUM_CONVERSION = YES;
				CLANG_WARN_INFINITE_RECURSION = YES;
				CLANG_WARN_INT_CONVERSION = YES;
				CLANG_WARN_NON_LITERAL_NULL_CONVERSION = YES;
				CLANG_WARN_OBJC_IMPLICIT_RETAIN_SELF = YES;
				CLANG_WARN_OBJC_LITERAL_CONVERSION = YES;
				CLANG_WARN_OBJC_ROOT_CLASS = YES_ERROR;
				CLANG_WARN_RANGE_LOOP_ANALYSIS = YES;
				CLANG_WARN_STRICT_PROTOTYPES = YES;
				CLANG_WARN_SUSPICIOUS_MOVE = YES;
				CLANG_WARN_UNGUARDED_AVAILABILITY = YES_AGGRESSIVE;
				CLANG_WARN_UNREACHABLE_CODE = YES;
				CLANG_WARN__DUPLICATE_METHOD_MATCH = YES;
				COPY_PHASE_STRIP = NO;
				DEBUG_INFORMATION_FORMAT = dwarf;
				ENABLE_STRICT_OBJC_MSGSEND = YES;
				ENABLE_TESTABILITY = YES;
				GCC_C_LANGUAGE_STANDARD = gnu11;
				GCC_DYNAMIC_NO_PIC = NO;
				GCC_NO_COMMON_BLOCKS = YES;
				GCC_OPTIMIZATION_LEVEL = 0;
				GCC_PREPROCESSOR_DEFINITIONS = (
					"DEBUG=1",
					"$(inherited)",
				);
				GCC_WARN_64_TO_32_BIT_CONVERSION = YES;
				GCC_WARN_ABOUT_RETURN_TYPE = YES_ERROR;
				GCC_WARN_UNDECLARED_SELECTOR = YES;
				GCC_WARN_UNINITIALIZED_AUTOS = YES_AGGRESSIVE;
				GCC_WARN_UNUSED_FUNCTION = YES;
				GCC_WARN_UNUSED_VARIABLE = YES;
				IPHONEOS_DEPLOYMENT_TARGET = 13.5;
				MTL_ENABLE_DEBUG_INFO = INCLUDE_SOURCE;
				MTL_FAST_MATH = YES;
				ONLY_ACTIVE_ARCH = YES;
				SDKROOT = iphoneos;
			};
			name = Debug;
		};
		C608CFA624BC0D1A00C55709 /* Release */ = {
			isa = XCBuildConfiguration;
			buildSettings = {
				ALWAYS_SEARCH_USER_PATHS = NO;
				CLANG_ANALYZER_NONNULL = YES;
				CLANG_ANALYZER_NUMBER_OBJECT_CONVERSION = YES_AGGRESSIVE;
				CLANG_CXX_LANGUAGE_STANDARD = "gnu++14";
				CLANG_CXX_LIBRARY = "libc++";
				CLANG_ENABLE_MODULES = YES;
				CLANG_ENABLE_OBJC_ARC = YES;
				CLANG_ENABLE_OBJC_WEAK = YES;
				CLANG_WARN_BLOCK_CAPTURE_AUTORELEASING = YES;
				CLANG_WARN_BOOL_CONVERSION = YES;
				CLANG_WARN_COMMA = YES;
				CLANG_WARN_CONSTANT_CONVERSION = YES;
				CLANG_WARN_DEPRECATED_OBJC_IMPLEMENTATIONS = YES;
				CLANG_WARN_DIRECT_OBJC_ISA_USAGE = YES_ERROR;
				CLANG_WARN_DOCUMENTATION_COMMENTS = YES;
				CLANG_WARN_EMPTY_BODY = YES;
				CLANG_WARN_ENUM_CONVERSION = YES;
				CLANG_WARN_INFINITE_RECURSION = YES;
				CLANG_WARN_INT_CONVERSION = YES;
				CLANG_WARN_NON_LITERAL_NULL_CONVERSION = YES;
				CLANG_WARN_OBJC_IMPLICIT_RETAIN_SELF = YES;
				CLANG_WARN_OBJC_LITERAL_CONVERSION = YES;
				CLANG_WARN_OBJC_ROOT_CLASS = YES_ERROR;
				CLANG_WARN_RANGE_LOOP_ANALYSIS = YES;
				CLANG_WARN_STRICT_PROTOTYPES = YES;
				CLANG_WARN_SUSPICIOUS_MOVE = YES;
				CLANG_WARN_UNGUARDED_AVAILABILITY = YES_AGGRESSIVE;
				CLANG_WARN_UNREACHABLE_CODE = YES;
				CLANG_WARN__DUPLICATE_METHOD_MATCH = YES;
				COPY_PHASE_STRIP = NO;
				DEBUG_INFORMATION_FORMAT = "dwarf-with-dsym";
				ENABLE_NS_ASSERTIONS = NO;
				ENABLE_STRICT_OBJC_MSGSEND = YES;
				GCC_C_LANGUAGE_STANDARD = gnu11;
				GCC_NO_COMMON_BLOCKS = YES;
				GCC_WARN_64_TO_32_BIT_CONVERSION = YES;
				GCC_WARN_ABOUT_RETURN_TYPE = YES_ERROR;
				GCC_WARN_UNDECLARED_SELECTOR = YES;
				GCC_WARN_UNINITIALIZED_AUTOS = YES_AGGRESSIVE;
				GCC_WARN_UNUSED_FUNCTION = YES;
				GCC_WARN_UNUSED_VARIABLE = YES;
				IPHONEOS_DEPLOYMENT_TARGET = 13.5;
				MTL_ENABLE_DEBUG_INFO = NO;
				MTL_FAST_MATH = YES;
				SDKROOT = iphoneos;
				VALIDATE_PRODUCT = YES;
			};
			name = Release;
		};
		C608CFA824BC0D1A00C55709 /* Debug */ = {
			isa = XCBuildConfiguration;
			buildSettings = {
				ASSETCATALOG_COMPILER_APPICON_NAME = AppIcon;
				CODE_SIGN_STYLE = Automatic;
				DEVELOPMENT_TEAM = N42VHKMHLG;
				INFOPLIST_FILE = OCSummary/Info.plist;
				LD_RUNPATH_SEARCH_PATHS = (
					"$(inherited)",
					"@executable_path/Frameworks",
				);
				PRODUCT_BUNDLE_IDENTIFIER = zhaogang.OCSummary;
				PRODUCT_NAME = "$(TARGET_NAME)";
				TARGETED_DEVICE_FAMILY = "1,2";
			};
			name = Debug;
		};
		C608CFA924BC0D1A00C55709 /* Release */ = {
			isa = XCBuildConfiguration;
			buildSettings = {
				ASSETCATALOG_COMPILER_APPICON_NAME = AppIcon;
				CODE_SIGN_STYLE = Automatic;
				DEVELOPMENT_TEAM = N42VHKMHLG;
				INFOPLIST_FILE = OCSummary/Info.plist;
				LD_RUNPATH_SEARCH_PATHS = (
					"$(inherited)",
					"@executable_path/Frameworks",
				);
				PRODUCT_BUNDLE_IDENTIFIER = zhaogang.OCSummary;
				PRODUCT_NAME = "$(TARGET_NAME)";
				TARGETED_DEVICE_FAMILY = "1,2";
			};
			name = Release;
		};
		C608CFAB24BC0D1A00C55709 /* Debug */ = {
			isa = XCBuildConfiguration;
			buildSettings = {
				BUNDLE_LOADER = "$(TEST_HOST)";
				CODE_SIGN_STYLE = Automatic;
				DEVELOPMENT_TEAM = N42VHKMHLG;
				INFOPLIST_FILE = OCSummaryTests/Info.plist;
				IPHONEOS_DEPLOYMENT_TARGET = 13.5;
				LD_RUNPATH_SEARCH_PATHS = (
					"$(inherited)",
					"@executable_path/Frameworks",
					"@loader_path/Frameworks",
				);
				PRODUCT_BUNDLE_IDENTIFIER = zhaogang.OCSummaryTests;
				PRODUCT_NAME = "$(TARGET_NAME)";
				TARGETED_DEVICE_FAMILY = "1,2";
				TEST_HOST = "$(BUILT_PRODUCTS_DIR)/OCSummary.app/OCSummary";
			};
			name = Debug;
		};
		C608CFAC24BC0D1A00C55709 /* Release */ = {
			isa = XCBuildConfiguration;
			buildSettings = {
				BUNDLE_LOADER = "$(TEST_HOST)";
				CODE_SIGN_STYLE = Automatic;
				DEVELOPMENT_TEAM = N42VHKMHLG;
				INFOPLIST_FILE = OCSummaryTests/Info.plist;
				IPHONEOS_DEPLOYMENT_TARGET = 13.5;
				LD_RUNPATH_SEARCH_PATHS = (
					"$(inherited)",
					"@executable_path/Frameworks",
					"@loader_path/Frameworks",
				);
				PRODUCT_BUNDLE_IDENTIFIER = zhaogang.OCSummaryTests;
				PRODUCT_NAME = "$(TARGET_NAME)";
				TARGETED_DEVICE_FAMILY = "1,2";
				TEST_HOST = "$(BUILT_PRODUCTS_DIR)/OCSummary.app/OCSummary";
			};
			name = Release;
		};
		C608CFAE24BC0D1A00C55709 /* Debug */ = {
			isa = XCBuildConfiguration;
			buildSettings = {
				CODE_SIGN_STYLE = Automatic;
				DEVELOPMENT_TEAM = N42VHKMHLG;
				INFOPLIST_FILE = OCSummaryUITests/Info.plist;
				LD_RUNPATH_SEARCH_PATHS = (
					"$(inherited)",
					"@executable_path/Frameworks",
					"@loader_path/Frameworks",
				);
				PRODUCT_BUNDLE_IDENTIFIER = zhaogang.OCSummaryUITests;
				PRODUCT_NAME = "$(TARGET_NAME)";
				TARGETED_DEVICE_FAMILY = "1,2";
				TEST_TARGET_NAME = OCSummary;
			};
			name = Debug;
		};
		C608CFAF24BC0D1A00C55709 /* Release */ = {
			isa = XCBuildConfiguration;
			buildSettings = {
				CODE_SIGN_STYLE = Automatic;
				DEVELOPMENT_TEAM = N42VHKMHLG;
				INFOPLIST_FILE = OCSummaryUITests/Info.plist;
				LD_RUNPATH_SEARCH_PATHS = (
					"$(inherited)",
					"@executable_path/Frameworks",
					"@loader_path/Frameworks",
				);
				PRODUCT_BUNDLE_IDENTIFIER = zhaogang.OCSummaryUITests;
				PRODUCT_NAME = "$(TARGET_NAME)";
				TARGETED_DEVICE_FAMILY = "1,2";
				TEST_TARGET_NAME = OCSummary;
			};
			name = Release;
		};
/* End XCBuildConfiguration section */

/* Begin XCConfigurationList section */
		C608CF7324BC0D1900C55709 /* Build configuration list for PBXProject "OCSummary" */ = {
			isa = XCConfigurationList;
			buildConfigurations = (
				C608CFA524BC0D1A00C55709 /* Debug */,
				C608CFA624BC0D1A00C55709 /* Release */,
			);
			defaultConfigurationIsVisible = 0;
			defaultConfigurationName = Release;
		};
		C608CFA724BC0D1A00C55709 /* Build configuration list for PBXNativeTarget "OCSummary" */ = {
			isa = XCConfigurationList;
			buildConfigurations = (
				C608CFA824BC0D1A00C55709 /* Debug */,
				C608CFA924BC0D1A00C55709 /* Release */,
			);
			defaultConfigurationIsVisible = 0;
			defaultConfigurationName = Release;
		};
		C608CFAA24BC0D1A00C55709 /* Build configuration list for PBXNativeTarget "OCSummaryTests" */ = {
			isa = XCConfigurationList;
			buildConfigurations = (
				C608CFAB24BC0D1A00C55709 /* Debug */,
				C608CFAC24BC0D1A00C55709 /* Release */,
			);
			defaultConfigurationIsVisible = 0;
			defaultConfigurationName = Release;
		};
		C608CFAD24BC0D1A00C55709 /* Build configuration list for PBXNativeTarget "OCSummaryUITests" */ = {
			isa = XCConfigurationList;
			buildConfigurations = (
				C608CFAE24BC0D1A00C55709 /* Debug */,
				C608CFAF24BC0D1A00C55709 /* Release */,
			);
			defaultConfigurationIsVisible = 0;
			defaultConfigurationName = Release;
		};
/* End XCConfigurationList section */
	};
	rootObject = C608CF7024BC0D1900C55709 /* Project object */;
}
